
Microsoft Visual Studio Solution File, Format Version 12.00
# Visual Studio 2012
Project("{8BC9CEB8-8B4A-11D0-8D11-00A0C91BC942}") = "SummerWorkshop2D", "SummerWorkshop2D\SummerWorkshop2D.vcxproj", "{0DDD11A1-19A9-4862-8490-680FDF168193}"
EndProject
Project("{2150E333-8FDC-42A3-9474-1A3956D46DE8}") = "Solution Items", "Solution Items", "{F4D05B8E-B010-4501-AA80-9CDE0DB02D1F}"
	ProjectSection(SolutionItems) = preProject
		main.cpp = main.cpp
	EndProjectSection
EndProject
Global
	GlobalSection(SolutionConfigurationPlatforms) = preSolution
		Debug|Win32 = Debug|Win32
		Release|Win32 = Release|Win32
	EndGlobalSection
	GlobalSection(ProjectConfigurationPlatforms) = postSolution
		{0DDD11A1-19A9-4862-8490-680FDF168193}.Debug|Win32.ActiveCfg = Debug|Win32
		{0DDD11A1-19A9-4862-8490-680FDF168193}.Debug|Win32.Build.0 = Debug|Win32
		{0DDD11A1-19A9-4862-8490-680FDF168193}.Release|Win32.ActiveCfg = Release|Win32
		{0DDD11A1-19A9-4862-8490-680FDF168193}.Release|Win32.Build.0 = Release|Win32
	EndGlobalSection
	GlobalSection(SolutionProperties) = preSolution
		HideSolutionNode = FALSE
	EndGlobalSection
EndGlobal
